// !$*UTF8*$!
{
	archiveVersion = 1;
	classes = {
	};
	objectVersion = 55;
	objects = {

/* Begin PBXBuildFile section */
		616999A628EA64D600DDB475 /* Shape.swift in Sources */ = {isa = PBXBuildFile; fileRef = 616999A328EA64D600DDB475 /* Shape.swift */; };
		616999A728EA64D600DDB475 /* DrawingItem.swift in Sources */ = {isa = PBXBuildFile; fileRef = 616999A428EA64D600DDB475 /* DrawingItem.swift */; };
		616999A828EA64D600DDB475 /* DrawingView.swift in Sources */ = {isa = PBXBuildFile; fileRef = 616999A528EA64D600DDB475 /* DrawingView.swift */; };
		6186B47B28E69FB700B0FCE5 /* AppDelegate.swift in Sources */ = {isa = PBXBuildFile; fileRef = 6186B47A28E69FB700B0FCE5 /* AppDelegate.swift */; };
		6186B47D28E69FB700B0FCE5 /* SceneDelegate.swift in Sources */ = {isa = PBXBuildFile; fileRef = 6186B47C28E69FB700B0FCE5 /* SceneDelegate.swift */; };
		6186B47F28E69FB700B0FCE5 /* ViewController.swift in Sources */ = {isa = PBXBuildFile; fileRef = 6186B47E28E69FB700B0FCE5 /* ViewController.swift */; };
		6186B48228E69FB700B0FCE5 /* Main.storyboard in Resources */ = {isa = PBXBuildFile; fileRef = 6186B48028E69FB700B0FCE5 /* Main.storyboard */; };
		6186B48428E69FB700B0FCE5 /* Assets.xcassets in Resources */ = {isa = PBXBuildFile; fileRef = 6186B48328E69FB700B0FCE5 /* Assets.xcassets */; };
		6186B48728E69FB700B0FCE5 /* LaunchScreen.storyboard in Resources */ = {isa = PBXBuildFile; fileRef = 6186B48528E69FB700B0FCE5 /* LaunchScreen.storyboard */; };
		6186B49228E69FB700B0FCE5 /* QiyuanWang_Lab3Tests.swift in Sources */ = {isa = PBXBuildFile; fileRef = 6186B49128E69FB700B0FCE5 /* QiyuanWang_Lab3Tests.swift */; };
		6186B49C28E69FB700B0FCE5 /* QiyuanWang_Lab3UITests.swift in Sources */ = {isa = PBXBuildFile; fileRef = 6186B49B28E69FB700B0FCE5 /* QiyuanWang_Lab3UITests.swift */; };
		6186B49E28E69FB700B0FCE5 /* QiyuanWang_Lab3UITestsLaunchTests.swift in Sources */ = {isa = PBXBuildFile; fileRef = 6186B49D28E69FB700B0FCE5 /* QiyuanWang_Lab3UITestsLaunchTests.swift */; };
		6199F63E28EFE35500542239 /* SolidShape.swift in Sources */ = {isa = PBXBuildFile; fileRef = 6199F63D28EFE35500542239 /* SolidShape.swift */; };
		6199F64028EFE39B00542239 /* SolidCircle.swift in Sources */ = {isa = PBXBuildFile; fileRef = 6199F63F28EFE39B00542239 /* SolidCircle.swift */; };
		6199F64428EFE5C400542239 /* SolidSquare.swift in Sources */ = {isa = PBXBuildFile; fileRef = 6199F64328EFE5C400542239 /* SolidSquare.swift */; };
		6199F64628EFE62F00542239 /* SolidTriangle.swift in Sources */ = {isa = PBXBuildFile; fileRef = 6199F64528EFE62F00542239 /* SolidTriangle.swift */; };
		6199F64828EFE8BC00542239 /* OutlineShape.swift in Sources */ = {isa = PBXBuildFile; fileRef = 6199F64728EFE8BC00542239 /* OutlineShape.swift */; };
		6199F64C28EFE96D00542239 /* OutlineSquare.swift in Sources */ = {isa = PBXBuildFile; fileRef = 6199F64928EFE96D00542239 /* OutlineSquare.swift */; };
		6199F64D28EFE96D00542239 /* OutlineTriangle.swift in Sources */ = {isa = PBXBuildFile; fileRef = 6199F64A28EFE96D00542239 /* OutlineTriangle.swift */; };
		6199F64E28EFE96D00542239 /* OutlineCircle.swift in Sources */ = {isa = PBXBuildFile; fileRef = 6199F64B28EFE96D00542239 /* OutlineCircle.swift */; };
		61FB884D28EBFB850013C11A /* Functions.swift in Sources */ = {isa = PBXBuildFile; fileRef = 61FB884C28EBFB850013C11A /* Functions.swift */; };
/* End PBXBuildFile section */

/* Begin PBXContainerItemProxy section */
		6186B48E28E69FB700B0FCE5 /* PBXContainerItemProxy */ = {
			isa = PBXContainerItemProxy;
			containerPortal = 6186B46F28E69FB700B0FCE5 /* Project object */;
			proxyType = 1;
			remoteGlobalIDString = 6186B47628E69FB700B0FCE5;
			remoteInfo = "QiyuanWang-Lab3";
		};
		6186B49828E69FB700B0FCE5 /* PBXContainerItemProxy */ = {
			isa = PBXContainerItemProxy;
			containerPortal = 6186B46F28E69FB700B0FCE5 /* Project object */;
			proxyType = 1;
			remoteGlobalIDString = 6186B47628E69FB700B0FCE5;
			remoteInfo = "QiyuanWang-Lab3";
		};
/* End PBXContainerItemProxy section */

/* Begin PBXFileReference section */
		616999A328EA64D600DDB475 /* Shape.swift */ = {isa = PBXFileReference; fileEncoding = 4; lastKnownFileType = sourcecode.swift; path = Shape.swift; sourceTree = SOURCE_ROOT; };
		616999A428EA64D600DDB475 /* DrawingItem.swift */ = {isa = PBXFileReference; fileEncoding = 4; lastKnownFileType = sourcecode.swift; path = DrawingItem.swift; sourceTree = SOURCE_ROOT; };
		616999A528EA64D600DDB475 /* DrawingView.swift */ = {isa = PBXFileReference; fileEncoding = 4; lastKnownFileType = sourcecode.swift; path = DrawingView.swift; sourceTree = SOURCE_ROOT; };
		6186B47728E69FB700B0FCE5 /* QiyuanWang-Lab3.app */ = {isa = PBXFileReference; explicitFileType = wrapper.application; includeInIndex = 0; path = "QiyuanWang-Lab3.app"; sourceTree = BUILT_PRODUCTS_DIR; };
		6186B47A28E69FB700B0FCE5 /* AppDelegate.swift */ = {isa = PBXFileReference; lastKnownFileType = sourcecode.swift; path = AppDelegate.swift; sourceTree = "<group>"; };
		6186B47C28E69FB700B0FCE5 /* SceneDelegate.swift */ = {isa = PBXFileReference; lastKnownFileType = sourcecode.swift; path = SceneDelegate.swift; sourceTree = "<group>"; };
		6186B47E28E69FB700B0FCE5 /* ViewController.swift */ = {isa = PBXFileReference; lastKnownFileType = sourcecode.swift; path = ViewController.swift; sourceTree = "<group>"; };
		6186B48128E69FB700B0FCE5 /* Base */ = {isa = PBXFileReference; lastKnownFileType = file.storyboard; name = Base; path = Base.lproj/Main.storyboard; sourceTree = "<group>"; };
		6186B48328E69FB700B0FCE5 /* Assets.xcassets */ = {isa = PBXFileReference; lastKnownFileType = folder.assetcatalog; path = Assets.xcassets; sourceTree = "<group>"; };
		6186B48628E69FB700B0FCE5 /* Base */ = {isa = PBXFileReference; lastKnownFileType = file.storyboard; name = Base; path = Base.lproj/LaunchScreen.storyboard; sourceTree = "<group>"; };
		6186B48828E69FB700B0FCE5 /* Info.plist */ = {isa = PBXFileReference; lastKnownFileType = text.plist.xml; path = Info.plist; sourceTree = "<group>"; };
		6186B48D28E69FB700B0FCE5 /* QiyuanWang-Lab3Tests.xctest */ = {isa = PBXFileReference; explicitFileType = wrapper.cfbundle; includeInIndex = 0; path = "QiyuanWang-Lab3Tests.xctest"; sourceTree = BUILT_PRODUCTS_DIR; };
		6186B49128E69FB700B0FCE5 /* QiyuanWang_Lab3Tests.swift */ = {isa = PBXFileReference; lastKnownFileType = sourcecode.swift; path = QiyuanWang_Lab3Tests.swift; sourceTree = "<group>"; };
		6186B49728E69FB700B0FCE5 /* QiyuanWang-Lab3UITests.xctest */ = {isa = PBXFileReference; explicitFileType = wrapper.cfbundle; includeInIndex = 0; path = "QiyuanWang-Lab3UITests.xctest"; sourceTree = BUILT_PRODUCTS_DIR; };
		6186B49B28E69FB700B0FCE5 /* QiyuanWang_Lab3UITests.swift */ = {isa = PBXFileReference; lastKnownFileType = sourcecode.swift; path = QiyuanWang_Lab3UITests.swift; sourceTree = "<group>"; };
		6186B49D28E69FB700B0FCE5 /* QiyuanWang_Lab3UITestsLaunchTests.swift */ = {isa = PBXFileReference; lastKnownFileType = sourcecode.swift; path = QiyuanWang_Lab3UITestsLaunchTests.swift; sourceTree = "<group>"; };
		6199F63D28EFE35500542239 /* SolidShape.swift */ = {isa = PBXFileReference; lastKnownFileType = sourcecode.swift; path = SolidShape.swift; sourceTree = "<group>"; };
		6199F63F28EFE39B00542239 /* SolidCircle.swift */ = {isa = PBXFileReference; lastKnownFileType = sourcecode.swift; path = SolidCircle.swift; sourceTree = "<group>"; };
		6199F64328EFE5C400542239 /* SolidSquare.swift */ = {isa = PBXFileReference; lastKnownFileType = sourcecode.swift; path = SolidSquare.swift; sourceTree = "<group>"; };
		6199F64528EFE62F00542239 /* SolidTriangle.swift */ = {isa = PBXFileReference; lastKnownFileType = sourcecode.swift; path = SolidTriangle.swift; sourceTree = "<group>"; };
		6199F64728EFE8BC00542239 /* OutlineShape.swift */ = {isa = PBXFileReference; lastKnownFileType = sourcecode.swift; path = OutlineShape.swift; sourceTree = "<group>"; };
		6199F64928EFE96D00542239 /* OutlineSquare.swift */ = {isa = PBXFileReference; fileEncoding = 4; lastKnownFileType = sourcecode.swift; path = OutlineSquare.swift; sourceTree = "<group>"; };
		6199F64A28EFE96D00542239 /* OutlineTriangle.swift */ = {isa = PBXFileReference; fileEncoding = 4; lastKnownFileType = sourcecode.swift; path = OutlineTriangle.swift; sourceTree = "<group>"; };
		6199F64B28EFE96D00542239 /* OutlineCircle.swift */ = {isa = PBXFileReference; fileEncoding = 4; lastKnownFileType = sourcecode.swift; path = OutlineCircle.swift; sourceTree = "<group>"; };
		61FB884C28EBFB850013C11A /* Functions.swift */ = {isa = PBXFileReference; fileEncoding = 4; lastKnownFileType = sourcecode.swift; path = Functions.swift; sourceTree = SOURCE_ROOT; };
/* End PBXFileReference section */

/* Begin PBXFrameworksBuildPhase section */
		6186B47428E69FB700B0FCE5 /* Frameworks */ = {
			isa = PBXFrameworksBuildPhase;
			buildActionMask = 2147483647;
			files = (
			);
			runOnlyForDeploymentPostprocessing = 0;
		};
		6186B48A28E69FB700B0FCE5 /* Frameworks */ = {
			isa = PBXFrameworksBuildPhase;
			buildActionMask = 2147483647;
			files = (
			);
			runOnlyForDeploymentPostprocessing = 0;
		};
		6186B49428E69FB700B0FCE5 /* Frameworks */ = {
			isa = PBXFrameworksBuildPhase;
			buildActionMask = 2147483647;
			files = (
			);
			runOnlyForDeploymentPostprocessing = 0;
		};
/* End PBXFrameworksBuildPhase section */

/* Begin PBXGroup section */
		6186B46E28E69FB700B0FCE5 = {
			isa = PBXGroup;
			children = (
				6186B47928E69FB700B0FCE5 /* QiyuanWang-Lab3 */,
				6186B49028E69FB700B0FCE5 /* QiyuanWang-Lab3Tests */,
				6186B49A28E69FB700B0FCE5 /* QiyuanWang-Lab3UITests */,
				6186B47828E69FB700B0FCE5 /* Products */,
			);
			sourceTree = "<group>";
		};
		6186B47828E69FB700B0FCE5 /* Products */ = {
			isa = PBXGroup;
			children = (
				6186B47728E69FB700B0FCE5 /* QiyuanWang-Lab3.app */,
				6186B48D28E69FB700B0FCE5 /* QiyuanWang-Lab3Tests.xctest */,
				6186B49728E69FB700B0FCE5 /* QiyuanWang-Lab3UITests.xctest */,
			);
			name = Products;
			sourceTree = "<group>";
		};
		6186B47928E69FB700B0FCE5 /* QiyuanWang-Lab3 */ = {
			isa = PBXGroup;
			children = (
				616999A428EA64D600DDB475 /* DrawingItem.swift */,
				616999A528EA64D600DDB475 /* DrawingView.swift */,
				616999A328EA64D600DDB475 /* Shape.swift */,
				6186B47A28E69FB700B0FCE5 /* AppDelegate.swift */,
				6186B47C28E69FB700B0FCE5 /* SceneDelegate.swift */,
				6186B47E28E69FB700B0FCE5 /* ViewController.swift */,
				61FB884C28EBFB850013C11A /* Functions.swift */,
				6186B48028E69FB700B0FCE5 /* Main.storyboard */,
				6186B48328E69FB700B0FCE5 /* Assets.xcassets */,
				6186B48528E69FB700B0FCE5 /* LaunchScreen.storyboard */,
				6186B48828E69FB700B0FCE5 /* Info.plist */,
				6199F63D28EFE35500542239 /* SolidShape.swift */,
				6199F63F28EFE39B00542239 /* SolidCircle.swift */,
				6199F64328EFE5C400542239 /* SolidSquare.swift */,
				6199F64528EFE62F00542239 /* SolidTriangle.swift */,
				6199F64728EFE8BC00542239 /* OutlineShape.swift */,
				6199F64B28EFE96D00542239 /* OutlineCircle.swift */,
				6199F64928EFE96D00542239 /* OutlineSquare.swift */,
				6199F64A28EFE96D00542239 /* OutlineTriangle.swift */,
			);
			path = "QiyuanWang-Lab3";
			sourceTree = "<group>";
		};
		6186B49028E69FB700B0FCE5 /* QiyuanWang-Lab3Tests */ = {
			isa = PBXGroup;
			children = (
				6186B49128E69FB700B0FCE5 /* QiyuanWang_Lab3Tests.swift */,
			);
			path = "QiyuanWang-Lab3Tests";
			sourceTree = "<group>";
		};
		6186B49A28E69FB700B0FCE5 /* QiyuanWang-Lab3UITests */ = {
			isa = PBXGroup;
			children = (
				6186B49B28E69FB700B0FCE5 /* QiyuanWang_Lab3UITests.swift */,
				6186B49D28E69FB700B0FCE5 /* QiyuanWang_Lab3UITestsLaunchTests.swift */,
			);
			path = "QiyuanWang-Lab3UITests";
			sourceTree = "<group>";
		};
/* End PBXGroup section */

/* Begin PBXNativeTarget section */
		6186B47628E69FB700B0FCE5 /* QiyuanWang-Lab3 */ = {
			isa = PBXNativeTarget;
			buildConfigurationList = 6186B4A128E69FB700B0FCE5 /* Build configuration list for PBXNativeTarget "QiyuanWang-Lab3" */;
			buildPhases = (
				6186B47328E69FB700B0FCE5 /* Sources */,
				6186B47428E69FB700B0FCE5 /* Frameworks */,
				6186B47528E69FB700B0FCE5 /* Resources */,
			);
			buildRules = (
			);
			dependencies = (
			);
			name = "QiyuanWang-Lab3";
			productName = "QiyuanWang-Lab3";
			productReference = 6186B47728E69FB700B0FCE5 /* QiyuanWang-Lab3.app */;
			productType = "com.apple.product-type.application";
		};
		6186B48C28E69FB700B0FCE5 /* QiyuanWang-Lab3Tests */ = {
			isa = PBXNativeTarget;
			buildConfigurationList = 6186B4A428E69FB700B0FCE5 /* Build configuration list for PBXNativeTarget "QiyuanWang-Lab3Tests" */;
			buildPhases = (
				6186B48928E69FB700B0FCE5 /* Sources */,
				6186B48A28E69FB700B0FCE5 /* Frameworks */,
				6186B48B28E69FB700B0FCE5 /* Resources */,
			);
			buildRules = (
			);
			dependencies = (
				6186B48F28E69FB700B0FCE5 /* PBXTargetDependency */,
			);
			name = "QiyuanWang-Lab3Tests";
			productName = "QiyuanWang-Lab3Tests";
			productReference = 6186B48D28E69FB700B0FCE5 /* QiyuanWang-Lab3Tests.xctest */;
			productType = "com.apple.product-type.bundle.unit-test";
		};
		6186B49628E69FB700B0FCE5 /* QiyuanWang-Lab3UITests */ = {
			isa = PBXNativeTarget;
			buildConfigurationList = 6186B4A728E69FB700B0FCE5 /* Build configuration list for PBXNativeTarget "QiyuanWang-Lab3UITests" */;
			buildPhases = (
				6186B49328E69FB700B0FCE5 /* Sources */,
				6186B49428E69FB700B0FCE5 /* Frameworks */,
				6186B49528E69FB700B0FCE5 /* Resources */,
			);
			buildRules = (
			);
			dependencies = (
				6186B49928E69FB700B0FCE5 /* PBXTargetDependency */,
			);
			name = "QiyuanWang-Lab3UITests";
			productName = "QiyuanWang-Lab3UITests";
			productReference = 6186B49728E69FB700B0FCE5 /* QiyuanWang-Lab3UITests.xctest */;
			productType = "com.apple.product-type.bundle.ui-testing";
		};
/* End PBXNativeTarget section */

/* Begin PBXProject section */
		6186B46F28E69FB700B0FCE5 /* Project object */ = {
			isa = PBXProject;
			attributes = {
				BuildIndependentTargetsInParallel = 1;
				LastSwiftUpdateCheck = 1340;
				LastUpgradeCheck = 1340;
				TargetAttributes = {
					6186B47628E69FB700B0FCE5 = {
						CreatedOnToolsVersion = 13.4.1;
					};
					6186B48C28E69FB700B0FCE5 = {
						CreatedOnToolsVersion = 13.4.1;
						TestTargetID = 6186B47628E69FB700B0FCE5;
					};
					6186B49628E69FB700B0FCE5 = {
						CreatedOnToolsVersion = 13.4.1;
						TestTargetID = 6186B47628E69FB700B0FCE5;
					};
				};
			};
			buildConfigurationList = 6186B47228E69FB700B0FCE5 /* Build configuration list for PBXProject "QiyuanWang-Lab3" */;
			compatibilityVersion = "Xcode 13.0";
			developmentRegion = en;
			hasScannedForEncodings = 0;
			knownRegions = (
				en,
				Base,
			);
			mainGroup = 6186B46E28E69FB700B0FCE5;
			productRefGroup = 6186B47828E69FB700B0FCE5 /* Products */;
			projectDirPath = "";
			projectRoot = "";
			targets = (
				6186B47628E69FB700B0FCE5 /* QiyuanWang-Lab3 */,
				6186B48C28E69FB700B0FCE5 /* QiyuanWang-Lab3Tests */,
				6186B49628E69FB700B0FCE5 /* QiyuanWang-Lab3UITests */,
			);
		};
/* End PBXProject section */

/* Begin PBXResourcesBuildPhase section */
		6186B47528E69FB700B0FCE5 /* Resources */ = {
			isa = PBXResourcesBuildPhase;
			buildActionMask = 2147483647;
			files = (
				6186B48728E69FB700B0FCE5 /* LaunchScreen.storyboard in Resources */,
				6186B48428E69FB700B0FCE5 /* Assets.xcassets in Resources */,
				6186B48228E69FB700B0FCE5 /* Main.storyboard in Resources */,
			);
			runOnlyForDeploymentPostprocessing = 0;
		};
		6186B48B28E69FB700B0FCE5 /* Resources */ = {
			isa = PBXResourcesBuildPhase;
			buildActionMask = 2147483647;
			files = (
			);
			runOnlyForDeploymentPostprocessing = 0;
		};
		6186B49528E69FB700B0FCE5 /* Resources */ = {
			isa = PBXResourcesBuildPhase;
			buildActionMask = 2147483647;
			files = (
			);
			runOnlyForDeploymentPostprocessing = 0;
		};
/* End PBXResourcesBuildPhase section */

/* Begin PBXSourcesBuildPhase section */
		6186B47328E69FB700B0FCE5 /* Sources */ = {
			isa = PBXSourcesBuildPhase;
			buildActionMask = 2147483647;
			files = (
				6186B47F28E69FB700B0FCE5 /* ViewController.swift in Sources */,
				6199F64D28EFE96D00542239 /* OutlineTriangle.swift in Sources */,
				6199F64C28EFE96D00542239 /* OutlineSquare.swift in Sources */,
				6199F64428EFE5C400542239 /* SolidSquare.swift in Sources */,
				6186B47B28E69FB700B0FCE5 /* AppDelegate.swift in Sources */,
				6199F63E28EFE35500542239 /* SolidShape.swift in Sources */,
				61FB884D28EBFB850013C11A /* Functions.swift in Sources */,
				6186B47D28E69FB700B0FCE5 /* SceneDelegate.swift in Sources */,
				616999A828EA64D600DDB475 /* DrawingView.swift in Sources */,
				616999A728EA64D600DDB475 /* DrawingItem.swift in Sources */,
				616999A628EA64D600DDB475 /* Shape.swift in Sources */,
				6199F64E28EFE96D00542239 /* OutlineCircle.swift in Sources */,
				6199F64628EFE62F00542239 /* SolidTriangle.swift in Sources */,
				6199F64828EFE8BC00542239 /* OutlineShape.swift in Sources */,
				6199F64028EFE39B00542239 /* SolidCircle.swift in Sources */,
			);
			runOnlyForDeploymentPostprocessing = 0;
		};
		6186B48928E69FB700B0FCE5 /* Sources */ = {
			isa = PBXSourcesBuildPhase;
			buildActionMask = 2147483647;
			files = (
				6186B49228E69FB700B0FCE5 /* QiyuanWang_Lab3Tests.swift in Sources */,
			);
			runOnlyForDeploymentPostprocessing = 0;
		};
		6186B49328E69FB700B0FCE5 /* Sources */ = {
			isa = PBXSourcesBuildPhase;
			buildActionMask = 2147483647;
			files = (
				6186B49E28E69FB700B0FCE5 /* QiyuanWang_Lab3UITestsLaunchTests.swift in Sources */,
				6186B49C28E69FB700B0FCE5 /* QiyuanWang_Lab3UITests.swift in Sources */,
			);
			runOnlyForDeploymentPostprocessing = 0;
		};
/* End PBXSourcesBuildPhase section */

/* Begin PBXTargetDependency section */
		6186B48F28E69FB700B0FCE5 /* PBXTargetDependency */ = {
			isa = PBXTargetDependency;
			target = 6186B47628E69FB700B0FCE5 /* QiyuanWang-Lab3 */;
			targetProxy = 6186B48E28E69FB700B0FCE5 /* PBXContainerItemProxy */;
		};
		6186B49928E69FB700B0FCE5 /* PBXTargetDependency */ = {
			isa = PBXTargetDependency;
			target = 6186B47628E69FB700B0FCE5 /* QiyuanWang-Lab3 */;
			targetProxy = 6186B49828E69FB700B0FCE5 /* PBXContainerItemProxy */;
		};
/* End PBXTargetDependency section */

/* Begin PBXVariantGroup section */
		6186B48028E69FB700B0FCE5 /* Main.storyboard */ = {
			isa = PBXVariantGroup;
			children = (
				6186B48128E69FB700B0FCE5 /* Base */,
			);
			name = Main.storyboard;
			sourceTree = "<group>";
		};
		6186B48528E69FB700B0FCE5 /* LaunchScreen.storyboard */ = {
			isa = PBXVariantGroup;
			children = (
				6186B48628E69FB700B0FCE5 /* Base */,
			);
			name = LaunchScreen.storyboard;
			sourceTree = "<group>";
		};
/* End PBXVariantGroup section */

/* Begin XCBuildConfiguration section */
		6186B49F28E69FB700B0FCE5 /* Debug */ = {
			isa = XCBuildConfiguration;
			buildSettings = {
				ALWAYS_SEARCH_USER_PATHS = NO;
				CLANG_ANALYZER_NONNULL = YES;
				CLANG_ANALYZER_NUMBER_OBJECT_CONVERSION = YES_AGGRESSIVE;
				CLANG_CXX_LANGUAGE_STANDARD = "gnu++17";
				CLANG_ENABLE_MODULES = YES;
				CLANG_ENABLE_OBJC_ARC = YES;
				CLANG_ENABLE_OBJC_WEAK = YES;
				CLANG_WARN_BLOCK_CAPTURE_AUTORELEASING = YES;
				CLANG_WARN_BOOL_CONVERSION = YES;
				CLANG_WARN_COMMA = YES;
				CLANG_WARN_CONSTANT_CONVERSION = YES;
				CLANG_WARN_DEPRECATED_OBJC_IMPLEMENTATIONS = YES;
				CLANG_WARN_DIRECT_OBJC_ISA_USAGE = YES_ERROR;
				CLANG_WARN_DOCUMENTATION_COMMENTS = YES;
				CLANG_WARN_EMPTY_BODY = YES;
				CLANG_WARN_ENUM_CONVERSION = YES;
				CLANG_WARN_INFINITE_RECURSION = YES;
				CLANG_WARN_INT_CONVERSION = YES;
				CLANG_WARN_NON_LITERAL_NULL_CONVERSION = YES;
				CLANG_WARN_OBJC_IMPLICIT_RETAIN_SELF = YES;
				CLANG_WARN_OBJC_LITERAL_CONVERSION = YES;
				CLANG_WARN_OBJC_ROOT_CLASS = YES_ERROR;
				CLANG_WARN_QUOTED_INCLUDE_IN_FRAMEWORK_HEADER = YES;
				CLANG_WARN_RANGE_LOOP_ANALYSIS = YES;
				CLANG_WARN_STRICT_PROTOTYPES = YES;
				CLANG_WARN_SUSPICIOUS_MOVE = YES;
				CLANG_WARN_UNGUARDED_AVAILABILITY = YES_AGGRESSIVE;
				CLANG_WARN_UNREACHABLE_CODE = YES;
				CLANG_WARN__DUPLICATE_METHOD_MATCH = YES;
				COPY_PHASE_STRIP = NO;
				DEBUG_INFORMATION_FORMAT = dwarf;
				ENABLE_STRICT_OBJC_MSGSEND = YES;
				ENABLE_TESTABILITY = YES;
				GCC_C_LANGUAGE_STANDARD = gnu11;
				GCC_DYNAMIC_NO_PIC = NO;
				GCC_NO_COMMON_BLOCKS = YES;
				GCC_OPTIMIZATION_LEVEL = 0;
				GCC_PREPROCESSOR_DEFINITIONS = (
					"DEBUG=1",
					"$(inherited)",
				);
				GCC_WARN_64_TO_32_BIT_CONVERSION = YES;
				GCC_WARN_ABOUT_RETURN_TYPE = YES_ERROR;
				GCC_WARN_UNDECLARED_SELECTOR = YES;
				GCC_WARN_UNINITIALIZED_AUTOS = YES_AGGRESSIVE;
				GCC_WARN_UNUSED_FUNCTION = YES;
				GCC_WARN_UNUSED_VARIABLE = YES;
				IPHONEOS_DEPLOYMENT_TARGET = 15.5;
				MTL_ENABLE_DEBUG_INFO = INCLUDE_SOURCE;
				MTL_FAST_MATH = YES;
				ONLY_ACTIVE_ARCH = YES;
				SDKROOT = iphoneos;
				SWIFT_ACTIVE_COMPILATION_CONDITIONS = DEBUG;
				SWIFT_OPTIMIZATION_LEVEL = "-Onone";
			};
			name = Debug;
		};
		6186B4A028E69FB700B0FCE5 /* Release */ = {
			isa = XCBuildConfiguration;
			buildSettings = {
				ALWAYS_SEARCH_USER_PATHS = NO;
				CLANG_ANALYZER_NONNULL = YES;
				CLANG_ANALYZER_NUMBER_OBJECT_CONVERSION = YES_AGGRESSIVE;
				CLANG_CXX_LANGUAGE_STANDARD = "gnu++17";
				CLANG_ENABLE_MODULES = YES;
				CLANG_ENABLE_OBJC_ARC = YES;
				CLANG_ENABLE_OBJC_WEAK = YES;
				CLANG_WARN_BLOCK_CAPTURE_AUTORELEASING = YES;
				CLANG_WARN_BOOL_CONVERSION = YES;
				CLANG_WARN_COMMA = YES;
				CLANG_WARN_CONSTANT_CONVERSION = YES;
				CLANG_WARN_DEPRECATED_OBJC_IMPLEMENTATIONS = YES;
				CLANG_WARN_DIRECT_OBJC_ISA_USAGE = YES_ERROR;
				CLANG_WARN_DOCUMENTATION_COMMENTS = YES;
				CLANG_WARN_EMPTY_BODY = YES;
				CLANG_WARN_ENUM_CONVERSION = YES;
				CLANG_WARN_INFINITE_RECURSION = YES;
				CLANG_WARN_INT_CONVERSION = YES;
				CLANG_WARN_NON_LITERAL_NULL_CONVERSION = YES;
				CLANG_WARN_OBJC_IMPLICIT_RETAIN_SELF = YES;
				CLANG_WARN_OBJC_LITERAL_CONVERSION = YES;
				CLANG_WARN_OBJC_ROOT_CLASS = YES_ERROR;
				CLANG_WARN_QUOTED_INCLUDE_IN_FRAMEWORK_HEADER = YES;
				CLANG_WARN_RANGE_LOOP_ANALYSIS = YES;
				CLANG_WARN_STRICT_PROTOTYPES = YES;
				CLANG_WARN_SUSPICIOUS_MOVE = YES;
				CLANG_WARN_UNGUARDED_AVAILABILITY = YES_AGGRESSIVE;
				CLANG_WARN_UNREACHABLE_CODE = YES;
				CLANG_WARN__DUPLICATE_METHOD_MATCH = YES;
				COPY_PHASE_STRIP = NO;
				DEBUG_INFORMATION_FORMAT = "dwarf-with-dsym";
				ENABLE_NS_ASSERTIONS = NO;
				ENABLE_STRICT_OBJC_MSGSEND = YES;
				GCC_C_LANGUAGE_STANDARD = gnu11;
				GCC_NO_COMMON_BLOCKS = YES;
				GCC_WARN_64_TO_32_BIT_CONVERSION = YES;
				GCC_WARN_ABOUT_RETURN_TYPE = YES_ERROR;
				GCC_WARN_UNDECLARED_SELECTOR = YES;
				GCC_WARN_UNINITIALIZED_AUTOS = YES_AGGRESSIVE;
				GCC_WARN_UNUSED_FUNCTION = YES;
				GCC_WARN_UNUSED_VARIABLE = YES;
				IPHONEOS_DEPLOYMENT_TARGET = 15.5;
				MTL_ENABLE_DEBUG_INFO = NO;
				MTL_FAST_MATH = YES;
				SDKROOT = iphoneos;
				SWIFT_COMPILATION_MODE = wholemodule;
				SWIFT_OPTIMIZATION_LEVEL = "-O";
				VALIDATE_PRODUCT = YES;
			};
			name = Release;
		};
		6186B4A228E69FB700B0FCE5 /* Debug */ = {
			isa = XCBuildConfiguration;
			buildSettings = {
				ASSETCATALOG_COMPILER_APPICON_NAME = AppIcon;
				ASSETCATALOG_COMPILER_GLOBAL_ACCENT_COLOR_NAME = AccentColor;
				CODE_SIGN_STYLE = Automatic;
				CURRENT_PROJECT_VERSION = 1;
				DEVELOPMENT_TEAM = 82689BRB73;
				GENERATE_INFOPLIST_FILE = YES;
				INFOPLIST_FILE = "QiyuanWang-Lab3/Info.plist";
				INFOPLIST_KEY_UIApplicationSupportsIndirectInputEvents = YES;
				INFOPLIST_KEY_UILaunchStoryboardName = LaunchScreen;
				INFOPLIST_KEY_UIMainStoryboardFile = Main;
				INFOPLIST_KEY_UISupportedInterfaceOrientations_iPad = "UIInterfaceOrientationPortrait UIInterfaceOrientationPortraitUpsideDown UIInterfaceOrientationLandscapeLeft UIInterfaceOrientationLandscapeRight";
				INFOPLIST_KEY_UISupportedInterfaceOrientations_iPhone = "UIInterfaceOrientationPortrait UIInterfaceOrientationLandscapeLeft UIInterfaceOrientationLandscapeRight";
				LD_RUNPATH_SEARCH_PATHS = (
					"$(inherited)",
					"@executable_path/Frameworks",
				);
				MARKETING_VERSION = 1.0;
				PRODUCT_BUNDLE_IDENTIFIER = "CSE438.QiyuanWang-Lab3";
				PRODUCT_NAME = "$(TARGET_NAME)";
				SWIFT_EMIT_LOC_STRINGS = YES;
				SWIFT_VERSION = 5.0;
				TARGETED_DEVICE_FAMILY = "1,2";
			};
			name = Debug;
		};
		6186B4A328E69FB700B0FCE5 /* Release */ = {
			isa = XCBuildConfiguration;
			buildSettings = {
				ASSETCATALOG_COMPILER_APPICON_NAME = AppIcon;
				ASSETCATALOG_COMPILER_GLOBAL_ACCENT_COLOR_NAME = AccentColor;
				CODE_SIGN_STYLE = Automatic;
				CURRENT_PROJECT_VERSION = 1;
				DEVELOPMENT_TEAM = 82689BRB73;
				GENERATE_INFOPLIST_FILE = YES;
				INFOPLIST_FILE = "QiyuanWang-Lab3/Info.plist";
				INFOPLIST_KEY_UIApplicationSupportsIndirectInputEvents = YES;
				INFOPLIST_KEY_UILaunchStoryboardName = LaunchScreen;
				INFOPLIST_KEY_UIMainStoryboardFile = Main;
				INFOPLIST_KEY_UISupportedInterfaceOrientations_iPad = "UIInterfaceOrientationPortrait UIInterfaceOrientationPortraitUpsideDown UIInterfaceOrientationLandscapeLeft UIInterfaceOrientationLandscapeRight";
				INFOPLIST_KEY_UISupportedInterfaceOrientations_iPhone = "UIInterfaceOrientationPortrait UIInterfaceOrientationLandscapeLeft UIInterfaceOrientationLandscapeRight";
				LD_RUNPATH_SEARCH_PATHS = (
					"$(inherited)",
					"@executable_path/Frameworks",
				);
				MARKETING_VERSION = 1.0;
				PRODUCT_BUNDLE_IDENTIFIER = "CSE438.QiyuanWang-Lab3";
				PRODUCT_NAME = "$(TARGET_NAME)";
				SWIFT_EMIT_LOC_STRINGS = YES;
				SWIFT_VERSION = 5.0;
				TARGETED_DEVICE_FAMILY = "1,2";
			};
			name = Release;
		};
		6186B4A528E69FB700B0FCE5 /* Debug */ = {
			isa = XCBuildConfiguration;
			buildSettings = {
				ALWAYS_EMBED_SWIFT_STANDARD_LIBRARIES = YES;
				BUNDLE_LOADER = "$(TEST_HOST)";
				CODE_SIGN_STYLE = Automatic;
				CURRENT_PROJECT_VERSION = 1;
				DEVELOPMENT_TEAM = 82689BRB73;
				GENERATE_INFOPLIST_FILE = YES;
				IPHONEOS_DEPLOYMENT_TARGET = 15.5;
				MARKETING_VERSION = 1.0;
				PRODUCT_BUNDLE_IDENTIFIER = "CSE438.QiyuanWang-Lab3Tests";
				PRODUCT_NAME = "$(TARGET_NAME)";
				SWIFT_EMIT_LOC_STRINGS = NO;
				SWIFT_VERSION = 5.0;
				TARGETED_DEVICE_FAMILY = "1,2";
				TEST_HOST = "$(BUILT_PRODUCTS_DIR)/QiyuanWang-Lab3.app/QiyuanWang-Lab3";
			};
			name = Debug;
		};
		6186B4A628E69FB700B0FCE5 /* Release */ = {
			isa = XCBuildConfiguration;
			buildSettings = {
				ALWAYS_EMBED_SWIFT_STANDARD_LIBRARIES = YES;
				BUNDLE_LOADER = "$(TEST_HOST)";
				CODE_SIGN_STYLE = Automatic;
				CURRENT_PROJECT_VERSION = 1;
				DEVELOPMENT_TEAM = 82689BRB73;
				GENERATE_INFOPLIST_FILE = YES;
				IPHONEOS_DEPLOYMENT_TARGET = 15.5;
				MARKETING_VERSION = 1.0;
				PRODUCT_BUNDLE_IDENTIFIER = "CSE438.QiyuanWang-Lab3Tests";
				PRODUCT_NAME = "$(TARGET_NAME)";
				SWIFT_EMIT_LOC_STRINGS = NO;
				SWIFT_VERSION = 5.0;
				TARGETED_DEVICE_FAMILY = "1,2";
				TEST_HOST = "$(BUILT_PRODUCTS_DIR)/QiyuanWang-Lab3.app/QiyuanWang-Lab3";
			};
			name = Release;
		};
		6186B4A828E69FB700B0FCE5 /* Debug */ = {
			isa = XCBuildConfiguration;
			buildSettings = {
				ALWAYS_EMBED_SWIFT_STANDARD_LIBRARIES = YES;
				CODE_SIGN_STYLE = Automatic;
				CURRENT_PROJECT_VERSION = 1;
				DEVELOPMENT_TEAM = 82689BRB73;
				GENERATE_INFOPLIST_FILE = YES;
				MARKETING_VERSION = 1.0;
				PRODUCT_BUNDLE_IDENTIFIER = "CSE438.QiyuanWang-Lab3UITests";
				PRODUCT_NAME = "$(TARGET_NAME)";
				SWIFT_EMIT_LOC_STRINGS = NO;
				SWIFT_VERSION = 5.0;
				TARGETED_DEVICE_FAMILY = "1,2";
				TEST_TARGET_NAME = "QiyuanWang-Lab3";
			};
			name = Debug;
		};
		6186B4A928E69FB700B0FCE5 /* Release */ = {
			isa = XCBuildConfiguration;
			buildSettings = {
				ALWAYS_EMBED_SWIFT_STANDARD_LIBRARIES = YES;
				CODE_SIGN_STYLE = Automatic;
				CURRENT_PROJECT_VERSION = 1;
				DEVELOPMENT_TEAM = 82689BRB73;
				GENERATE_INFOPLIST_FILE = YES;
				MARKETING_VERSION = 1.0;
				PRODUCT_BUNDLE_IDENTIFIER = "CSE438.QiyuanWang-Lab3UITests";
				PRODUCT_NAME = "$(TARGET_NAME)";
				SWIFT_EMIT_LOC_STRINGS = NO;
				SWIFT_VERSION = 5.0;
				TARGETED_DEVICE_FAMILY = "1,2";
				TEST_TARGET_NAME = "QiyuanWang-Lab3";
			};
			name = Release;
		};
/* End XCBuildConfiguration section */

/* Begin XCConfigurationList section */
		6186B47228E69FB700B0FCE5 /* Build configuration list for PBXProject "QiyuanWang-Lab3" */ = {
			isa = XCConfigurationList;
			buildConfigurations = (
				6186B49F28E69FB700B0FCE5 /* Debug */,
				6186B4A028E69FB700B0FCE5 /* Release */,
			);
			defaultConfigurationIsVisible = 0;
			defaultConfigurationName = Release;
		};
		6186B4A128E69FB700B0FCE5 /* Build configuration list for PBXNativeTarget "QiyuanWang-Lab3" */ = {
			isa = XCConfigurationList;
			buildConfigurations = (
				6186B4A228E69FB700B0FCE5 /* Debug */,
				6186B4A328E69FB700B0FCE5 /* Release */,
			);
			defaultConfigurationIsVisible = 0;
			defaultConfigurationName = Release;
		};
		6186B4A428E69FB700B0FCE5 /* Build configuration list for PBXNativeTarget "QiyuanWang-Lab3Tests" */ = {
			isa = XCConfigurationList;
			buildConfigurations = (
				6186B4A528E69FB700B0FCE5 /* Debug */,
				6186B4A628E69FB700B0FCE5 /* Release */,
			);
			defaultConfigurationIsVisible = 0;
			defaultConfigurationName = Release;
		};
		6186B4A728E69FB700B0FCE5 /* Build configuration list for PBXNativeTarget "QiyuanWang-Lab3UITests" */ = {
			isa = XCConfigurationList;
			buildConfigurations = (
				6186B4A828E69FB700B0FCE5 /* Debug */,
				6186B4A928E69FB700B0FCE5 /* Release */,
			);
			defaultConfigurationIsVisible = 0;
			defaultConfigurationName = Release;
		};
/* End XCConfigurationList section */
	};
	rootObject = 6186B46F28E69FB700B0FCE5 /* Project object */;
}
